
Microsoft Visual Studio Solution File, Format Version 12.00
# Visual Studio Version 16
VisualStudioVersion = 16.0.29209.152
MinimumVisualStudioVersion = 10.0.40219.1
Project("{FAE04EC0-301F-11D3-BF4B-00C04F79EFBC}") = "todo", "todo\todo.csproj", "{69F07BA4-0C41-4EDF-B7AC-AE780DF3FAF1}"
EndProject
Global
	GlobalSection(SolutionConfigurationPlatforms) = preSolution
		Debug|Any CPU = Debug|Any CPU
		Release|Any CPU = Release|Any CPU
	EndGlobalSection
	GlobalSection(ProjectConfigurationPlatforms) = postSolution
		{69F07BA4-0C41-4EDF-B7AC-AE780DF3FAF1}.Debug|Any CPU.ActiveCfg = Debug|Any CPU
		{69F07BA4-0C41-4EDF-B7AC-AE780DF3FAF1}.Debug|Any CPU.Build.0 = Debug|Any CPU
		{69F07BA4-0C41-4EDF-B7AC-AE780DF3FAF1}.Release|Any CPU.ActiveCfg = Release|Any CPU
		{69F07BA4-0C41-4EDF-B7AC-AE780DF3FAF1}.Release|Any CPU.Build.0 = Release|Any CPU
	EndGlobalSection
	GlobalSection(SolutionProperties) = preSolution
		HideSolutionNode = FALSE
	EndGlobalSection
	GlobalSection(ExtensibilityGlobals) = postSolution
		SolutionGuid = {FEAB2B7F-7278-4088-87FA-CF0850973AC8}
	EndGlobalSection
EndGlobal
